
Microsoft Visual Studio Solution File, Format Version 12.00
# Visual Studio Version 17
VisualStudioVersion = 17.0.32126.317
MinimumVisualStudioVersion = 10.0.40219.1
Project("{9A19103F-16F7-4668-BE54-9A1E7A4F7556}") = "WebPortalServer", "WebPortalServer\WebPortalServer.csproj", "{928E5DB6-DFCA-446D-8B19-1419A17AA059}"
EndProject
Project("{00D1A9C2-B5F0-4AF3-8072-F6C62B433612}") = "WebPortalDB", "WebPortalDB\WebPortalDB.sqlproj", "{2676F937-24A8-4FAE-8ED7-4A17607E0B4B}"
EndProject
Global
	GlobalSection(SolutionConfigurationPlatforms) = preSolution
		Debug|Any CPU = Debug|Any CPU
		Release|Any CPU = Release|Any CPU
	EndGlobalSection
	GlobalSection(ProjectConfigurationPlatforms) = postSolution
		{928E5DB6-DFCA-446D-8B19-1419A17AA059}.Debug|Any CPU.ActiveCfg = Debug|Any CPU
		{928E5DB6-DFCA-446D-8B19-1419A17AA059}.Debug|Any CPU.Build.0 = Debug|Any CPU
		{928E5DB6-DFCA-446D-8B19-1419A17AA059}.Release|Any CPU.ActiveCfg = Release|Any CPU
		{928E5DB6-DFCA-446D-8B19-1419A17AA059}.Release|Any CPU.Build.0 = Release|Any CPU
		{2676F937-24A8-4FAE-8ED7-4A17607E0B4B}.Debug|Any CPU.ActiveCfg = Debug|Any CPU
		{2676F937-24A8-4FAE-8ED7-4A17607E0B4B}.Debug|Any CPU.Build.0 = Debug|Any CPU
		{2676F937-24A8-4FAE-8ED7-4A17607E0B4B}.Debug|Any CPU.Deploy.0 = Debug|Any CPU
		{2676F937-24A8-4FAE-8ED7-4A17607E0B4B}.Release|Any CPU.ActiveCfg = Release|Any CPU
		{2676F937-24A8-4FAE-8ED7-4A17607E0B4B}.Release|Any CPU.Build.0 = Release|Any CPU
		{2676F937-24A8-4FAE-8ED7-4A17607E0B4B}.Release|Any CPU.Deploy.0 = Release|Any CPU
	EndGlobalSection
	GlobalSection(SolutionProperties) = preSolution
		HideSolutionNode = FALSE
	EndGlobalSection
	GlobalSection(ExtensibilityGlobals) = postSolution
		SolutionGuid = {65F6DA03-2BDD-40B1-84FD-176303D48437}
	EndGlobalSection
EndGlobal
